{
    "version": 3,
    "terraform_version": "0.11.7",
    "serial": 24,
    "lineage": "7f743e1b-e9fe-d62d-32ce-d94e686ac0db",
    "modules": [
        {
            "path": [
                "root"
            ],
            "outputs": {
                "NodeInstanceRole": {
                    "sensitive": false,
                    "type": "string",
                    "value": "arn:aws:iam::<aws-account-id>:role/demoEKS-node"
                },
                "config-map-aws-auth": {
                    "sensitive": false,
                    "type": "string",
                    "value": "\n\napiVersion: v1\nkind: ConfigMap\nmetadata:\n  name: aws-auth\n  namespace: kube-system\ndata:\n  mapRoles: |\n    - rolearn: arn:aws:iam::<aws-account-id>:role/demoEKS-node\n      username: system:node:{{EC2PrivateDNSName}}\n      groups:\n        - system:bootstrappers\n        - system:nodes\n"
                },
                "kubeconfig": {
                    "sensitive": false,
                    "type": "string",
                    "value": "apiVersion: v1\nclusters:\n- cluster:\n    server: https://4AFDE0E94C4880E3D620D6B161104F7F.yl4.us-west-2.eks.amazonaws.com\n    certificate-authority-data: LS0tLS1CRUdJTiBDRVJUSUZJQ0FURS0tLS0tCk1JSUN5RENDQWJDZ0F3SUJBZ0lCQURBTkJna3Foa2lHOXcwQkFRc0ZBREFWTVJNd0VRWURWUVFERXdwcmRXSmwKY201bGRHVnpNQjRYRFRFNE1EZ3dNakEyTWpZd01Gb1hEVEk0TURjek1EQTJNall3TUZvd0ZURVRNQkVHQTFVRQpBeE1LYTNWaVpYSnVaWFJsY3pDQ0FTSXdEUVlKS29aSWh2Y05BUUVCQlFBRGdnRVBBRENDQVFvQ2dnRUJBTXNpCndQdGFib1FkRkdSWXN3d2tHUElHNFN5Z0JSSVZBMW8wTnhTSWg5R0xlVHBrRWl0T1pueGJBdTZsOEtDWjlWd3QKY0dPaERCbC9BU2Qyck5WMzVtU3RGUFJQeUZRbU5RVFY2bFNxOVpKcm5Lc2lpZVBGUHNVYkNNVHc3eHNUR3A1NgptUE1FMnBLRVloTlU4aGlrTCtWUTZ1WjJPbGN6cEx6VGtJMWxkUXNKaXd1WVU1dGpjdVRFYldLbWhrZG9RMUd4CnlSOEtmbkdWUERYaWZ0N1Rac0YrRWF4cWJJczgrdE9FMy9rVlFaOTZQaDdWNi9iTXdoaytXeCtrci8zcTNuZ1QKNWVIb0JjY2VaaSt0MVNaQ3M1RXdDalYrRWV3T2t6MDNMa2pMR3pKRGJaR01HL3h0cG9mMnhPRENhRFVBOTVONwptTS80YnlJVklyMXRNOWp3YWQwQ0F3RUFBYU1qTUNFd0RnWURWUjBQQVFIL0JBUURBZ0trTUE4R0ExVWRFd0VCCi93UUZNQU1CQWY4d0RRWUpLb1pJaHZjTkFRRUxCUUFEZ2dFQkFMNmxxK094WlBIQXRKeXIyNnVvY3hlWmZ5Y0YKRm5sWUdwYVlQc0ptSlZ6MWZ5Wm5KQ2hNVVlwOEE3OC9QL3gzWFJRRmtpU3JUVVI2Wkh5VDV1QjFxNDJ0a3FvTApVTTRkdmRVZFlVaklQUjYwaTdzZDZDaFdBc2xjb0FLNndaVnlDT2VvR0k4enNwMVhFSDhwTThyVlQyZXdzZjZzCnUyMWt3VWppSnR5dFRIWkY1SlJXQlJxbzNFQ0JIU29PRzdPcGRZZEpTZUlyT0NQaUFwaytZK2JuTGdQcWN2TEIKRlArb1dzU3RYbWJuR3dHVTFGTHhUTkJ5bU9XOUxvc3BzWHV4all4RHdQdUJjYzlNdC92MUcxUm5YSXJtemcrZQpnNm16WmNhbnVqVDM2NzloaExGbHdOeUlZSEdVZUE1ZjVVRmw3Qk1GNWc3N1JGV2lFOEx4Wm9nRGdEbz0KLS0tLS1FTkQgQ0VSVElGSUNBVEUtLS0tLQo=\n  name: kubernetes\ncontexts:\n- context:\n    cluster: kubernetes\n    user: aws\n  name: aws\ncurrent-context: aws\nkind: Config\npreferences: {}\nusers:\n- name: aws\n  user:\n    exec:\n      apiVersion: client.authentication.k8s.io/v1alpha1\n      command: aws-iam-authenticator\n      args:\n        - \"token\"\n        - \"-i\"\n        - \"demoEKS\"\n"
                }
            },
            "resources": {
                "aws_autoscaling_group.demoEKS": {
                    "type": "aws_autoscaling_group",
                    "depends_on": [
                        "aws_launch_configuration.demoEKS",
                        "aws_subnet.private-subnet-1",
                        "aws_subnet.private-subnet-2",
                        "aws_subnet.private-subnet-3"
                    ],
                    "primary": {
                        "id": "demoEKS",
                        "attributes": {
                            "arn": "arn:aws:autoscaling:us-west-2:<aws-account-id>:autoScalingGroup:a0cc7db1-e8cc-441c-8160-bf0a34b8cb14:autoScalingGroupName/demoEKS",
                            "availability_zones.#": "3",
                            "availability_zones.2050015877": "us-west-2c",
                            "availability_zones.221770259": "us-west-2b",
                            "availability_zones.2487133097": "us-west-2a",
                            "default_cooldown": "300",
                            "desired_capacity": "10",
                            "enabled_metrics.#": "0",
                            "force_delete": "false",
                            "health_check_grace_period": "300",
                            "health_check_type": "EC2",
                            "id": "demoEKS",
                            "launch_configuration": "demoEKS-node20180802084110099900000001",
                            "launch_template.#": "0",
                            "load_balancers.#": "0",
                            "max_size": "25",
                            "metrics_granularity": "1Minute",
                            "min_size": "10",
                            "name": "demoEKS",
                            "placement_group": "",
                            "protect_from_scale_in": "false",
                            "service_linked_role_arn": "arn:aws:iam::<aws-account-id>:role/aws-service-role/autoscaling.amazonaws.com/AWSServiceRoleForAutoScaling",
                            "suspended_processes.#": "0",
                            "tag.#": "2",
                            "tag.2626736233.key": "Name",
                            "tag.2626736233.propagate_at_launch": "true",
                            "tag.2626736233.value": "demoEKS-Node",
                            "tag.2996685280.key": "kubernetes.io/cluster/demoEKS",
                            "tag.2996685280.propagate_at_launch": "true",
                            "tag.2996685280.value": "owned",
                            "target_group_arns.#": "0",
                            "termination_policies.#": "0",
                            "vpc_zone_identifier.#": "3",
                            "vpc_zone_identifier.1411507019": "subnet-0ae18b41",
                            "vpc_zone_identifier.1685513038": "subnet-691d4733",
                            "vpc_zone_identifier.624824009": "subnet-b2357dcb",
                            "wait_for_capacity_timeout": "10m"
                        },
                        "meta": {
                            "e2bfb730-ecaa-11e6-8f88-34363bc7c4c0": {
                                "delete": 600000000000
                            }
                        },
                        "tainted": false
                    },
                    "deposed": [],
                    "provider": "provider.aws"
                },
                "aws_autoscaling_group.demoEKSmemoryOptimized": {
                    "type": "aws_autoscaling_group",
                    "depends_on": [
                        "aws_launch_configuration.demoEKSmemoryOptimized",
                        "aws_subnet.private-subnet-1",
                        "aws_subnet.private-subnet-2",
                        "aws_subnet.private-subnet-3"
                    ],
                    "primary": {
                        "id": "demoEKSmemoryOptimized",
                        "attributes": {
                            "arn": "arn:aws:autoscaling:us-west-2:<aws-account-id>:autoScalingGroup:ea493dd6-e4d8-4a22-a5c1-779aeb56d3a8:autoScalingGroupName/demoEKSmemoryOptimized",
                            "availability_zones.#": "3",
                            "availability_zones.2050015877": "us-west-2c",
                            "availability_zones.221770259": "us-west-2b",
                            "availability_zones.2487133097": "us-west-2a",
                            "default_cooldown": "300",
                            "desired_capacity": "10",
                            "enabled_metrics.#": "0",
                            "force_delete": "false",
                            "health_check_grace_period": "300",
                            "health_check_type": "EC2",
                            "id": "demoEKSmemoryOptimized",
                            "launch_configuration": "demoEKS-node-memory-optimized20180803043355052000000002",
                            "launch_template.#": "0",
                            "load_balancers.#": "0",
                            "max_size": "10",
                            "metrics_granularity": "1Minute",
                            "min_size": "10",
                            "name": "demoEKSmemoryOptimized",
                            "placement_group": "",
                            "protect_from_scale_in": "false",
                            "service_linked_role_arn": "arn:aws:iam::<aws-account-id>:role/aws-service-role/autoscaling.amazonaws.com/AWSServiceRoleForAutoScaling",
                            "suspended_processes.#": "0",
                            "tag.#": "2",
                            "tag.1775598693.key": "Name",
                            "tag.1775598693.propagate_at_launch": "true",
                            "tag.1775598693.value": "demoEKS-Node-momory-optimized",
                            "tag.2996685280.key": "kubernetes.io/cluster/demoEKS",
                            "tag.2996685280.propagate_at_launch": "true",
                            "tag.2996685280.value": "owned",
                            "target_group_arns.#": "0",
                            "termination_policies.#": "0",
                            "vpc_zone_identifier.#": "3",
                            "vpc_zone_identifier.1411507019": "subnet-0ae18b41",
                            "vpc_zone_identifier.1685513038": "subnet-691d4733",
                            "vpc_zone_identifier.624824009": "subnet-b2357dcb",
                            "wait_for_capacity_timeout": "10m"
                        },
                        "meta": {
                            "e2bfb730-ecaa-11e6-8f88-34363bc7c4c0": {
                                "delete": 600000000000
                            }
                        },
                        "tainted": false
                    },
                    "deposed": [],
                    "provider": "provider.aws"
                },
                "aws_eip.privateEIP1": {
                    "type": "aws_eip",
                    "depends_on": [],
                    "primary": {
                        "id": "eipalloc-4affc876",
                        "attributes": {
                            "association_id": "eipassoc-7b856a84",
                            "domain": "vpc",
                            "id": "eipalloc-4affc876",
                            "instance": "",
                            "network_interface": "eni-d583ccee",
                            "private_ip": "172.19.1.30",
                            "public_ip": "52.40.204.41",
                            "tags.%": "1",
                            "tags.Name": "demo EKS EIP for NAT gateway of private subnet 1",
                            "vpc": "true"
                        },
                        "meta": {
                            "e2bfb730-ecaa-11e6-8f88-34363bc7c4c0": {
                                "delete": 180000000000,
                                "read": 900000000000,
                                "update": 300000000000
                            }
                        },
                        "tainted": false
                    },
                    "deposed": [],
                    "provider": "provider.aws"
                },
                "aws_eip.privateEIP2": {
                    "type": "aws_eip",
                    "depends_on": [],
                    "primary": {
                        "id": "eipalloc-e5f1c6d9",
                        "attributes": {
                            "association_id": "eipassoc-4f2a2b82",
                            "domain": "vpc",
                            "id": "eipalloc-e5f1c6d9",
                            "instance": "",
                            "network_interface": "eni-8471478f",
                            "private_ip": "172.19.1.76",
                            "public_ip": "52.37.152.191",
                            "tags.%": "1",
                            "tags.Name": "demo EKS EIP for NAT gateway of private subnet 2",
                            "vpc": "true"
                        },
                        "meta": {
                            "e2bfb730-ecaa-11e6-8f88-34363bc7c4c0": {
                                "delete": 180000000000,
                                "read": 900000000000,
                                "update": 300000000000
                            }
                        },
                        "tainted": false
                    },
                    "deposed": [],
                    "provider": "provider.aws"
                },
                "aws_eip.privateEIP3": {
                    "type": "aws_eip",
                    "depends_on": [],
                    "primary": {
                        "id": "eipalloc-49f3c475",
                        "attributes": {
                            "association_id": "eipassoc-258669da",
                            "domain": "vpc",
                            "id": "eipalloc-49f3c475",
                            "instance": "",
                            "network_interface": "eni-b481ce8f",
                            "private_ip": "172.19.1.24",
                            "public_ip": "52.35.195.134",
                            "tags.%": "1",
                            "tags.Name": "demo EKS EIP for NAT gateway of private subnet 3",
                            "vpc": "true"
                        },
                        "meta": {
                            "e2bfb730-ecaa-11e6-8f88-34363bc7c4c0": {
                                "delete": 180000000000,
                                "read": 900000000000,
                                "update": 300000000000
                            }
                        },
                        "tainted": false
                    },
                    "deposed": [],
                    "provider": "provider.aws"
                },
                "aws_eks_cluster.demoEKS": {
                    "type": "aws_eks_cluster",
                    "depends_on": [
                        "aws_iam_role.demoEKS-master",
                        "aws_iam_role_policy_attachment.demoEKSClusterPolicy",
                        "aws_iam_role_policy_attachment.demoEKSServicePolicy",
                        "aws_security_group.private-node",
                        "aws_subnet.private-subnet-1",
                        "aws_subnet.private-subnet-2",
                        "aws_subnet.private-subnet-3"
                    ],
                    "primary": {
                        "id": "demoEKS",
                        "attributes": {
                            "arn": "arn:aws:eks:us-west-2:<aws-account-id>:cluster/demoEKS",
                            "certificate_authority.#": "1",
                            "certificate_authority.0.data": "LS0tLS1CRUdJTiBDRVJUSUZJQ0FURS0tLS0tCk1JSUN5RENDQWJDZ0F3SUJBZ0lCQURBTkJna3Foa2lHOXcwQkFRc0ZBREFWTVJNd0VRWURWUVFERXdwcmRXSmwKY201bGRHVnpNQjRYRFRFNE1EZ3dNakEyTWpZd01Gb1hEVEk0TURjek1EQTJNall3TUZvd0ZURVRNQkVHQTFVRQpBeE1LYTNWaVpYSnVaWFJsY3pDQ0FTSXdEUVlKS29aSWh2Y05BUUVCQlFBRGdnRVBBRENDQVFvQ2dnRUJBTXNpCndQdGFib1FkRkdSWXN3d2tHUElHNFN5Z0JSSVZBMW8wTnhTSWg5R0xlVHBrRWl0T1pueGJBdTZsOEtDWjlWd3QKY0dPaERCbC9BU2Qyck5WMzVtU3RGUFJQeUZRbU5RVFY2bFNxOVpKcm5Lc2lpZVBGUHNVYkNNVHc3eHNUR3A1NgptUE1FMnBLRVloTlU4aGlrTCtWUTZ1WjJPbGN6cEx6VGtJMWxkUXNKaXd1WVU1dGpjdVRFYldLbWhrZG9RMUd4CnlSOEtmbkdWUERYaWZ0N1Rac0YrRWF4cWJJczgrdE9FMy9rVlFaOTZQaDdWNi9iTXdoaytXeCtrci8zcTNuZ1QKNWVIb0JjY2VaaSt0MVNaQ3M1RXdDalYrRWV3T2t6MDNMa2pMR3pKRGJaR01HL3h0cG9mMnhPRENhRFVBOTVONwptTS80YnlJVklyMXRNOWp3YWQwQ0F3RUFBYU1qTUNFd0RnWURWUjBQQVFIL0JBUURBZ0trTUE4R0ExVWRFd0VCCi93UUZNQU1CQWY4d0RRWUpLb1pJaHZjTkFRRUxCUUFEZ2dFQkFMNmxxK094WlBIQXRKeXIyNnVvY3hlWmZ5Y0YKRm5sWUdwYVlQc0ptSlZ6MWZ5Wm5KQ2hNVVlwOEE3OC9QL3gzWFJRRmtpU3JUVVI2Wkh5VDV1QjFxNDJ0a3FvTApVTTRkdmRVZFlVaklQUjYwaTdzZDZDaFdBc2xjb0FLNndaVnlDT2VvR0k4enNwMVhFSDhwTThyVlQyZXdzZjZzCnUyMWt3VWppSnR5dFRIWkY1SlJXQlJxbzNFQ0JIU29PRzdPcGRZZEpTZUlyT0NQaUFwaytZK2JuTGdQcWN2TEIKRlArb1dzU3RYbWJuR3dHVTFGTHhUTkJ5bU9XOUxvc3BzWHV4all4RHdQdUJjYzlNdC92MUcxUm5YSXJtemcrZQpnNm16WmNhbnVqVDM2NzloaExGbHdOeUlZSEdVZUE1ZjVVRmw3Qk1GNWc3N1JGV2lFOEx4Wm9nRGdEbz0KLS0tLS1FTkQgQ0VSVElGSUNBVEUtLS0tLQo=",
                            "created_at": "2018-08-02 06:18:35 +0000 UTC",
                            "endpoint": "https://4AFDE0E94C4880E3D620D6B161104F7F.yl4.us-west-2.eks.amazonaws.com",
                            "id": "demoEKS",
                            "name": "demoEKS",
                            "role_arn": "arn:aws:iam::<aws-account-id>:role/demoEKS-master",
                            "version": "1.10",
                            "vpc_config.#": "1",
                            "vpc_config.0.security_group_ids.#": "1",
                            "vpc_config.0.security_group_ids.3612494107": "sg-b31e25c3",
                            "vpc_config.0.subnet_ids.#": "3",
                            "vpc_config.0.subnet_ids.2173977267": "subnet-b2357dcb",
                            "vpc_config.0.subnet_ids.2186526546": "subnet-0ae18b41",
                            "vpc_config.0.subnet_ids.4060683485": "subnet-691d4733",
                            "vpc_config.0.vpc_id": "vpc-f68a768e"
                        },
                        "meta": {
                            "e2bfb730-ecaa-11e6-8f88-34363bc7c4c0": {
                                "create": 900000000000,
                                "delete": 900000000000
                            }
                        },
                        "tainted": false
                    },
                    "deposed": [],
                    "provider": "provider.aws"
                },
                "aws_iam_instance_profile.demoEKS-node": {
                    "type": "aws_iam_instance_profile",
                    "depends_on": [
                        "aws_iam_role.demoEKS-node"
                    ],
                    "primary": {
                        "id": "demoEKS-instance-profile",
                        "attributes": {
                            "arn": "arn:aws:iam::<aws-account-id>:instance-profile/demoEKS-instance-profile",
                            "create_date": "2018-08-02T06:18:07Z",
                            "id": "demoEKS-instance-profile",
                            "name": "demoEKS-instance-profile",
                            "path": "/",
                            "role": "demoEKS-node",
                            "roles.#": "1",
                            "roles.1674155557": "demoEKS-node",
                            "unique_id": "AIPAJUH3RURUJCY74D3WK"
                        },
                        "meta": {},
                        "tainted": false
                    },
                    "deposed": [],
                    "provider": "provider.aws"
                },
                "aws_iam_role.demoEKS-master": {
                    "type": "aws_iam_role",
                    "depends_on": [],
                    "primary": {
                        "id": "demoEKS-master",
                        "attributes": {
                            "arn": "arn:aws:iam::<aws-account-id>:role/demoEKS-master",
                            "assume_role_policy": "{\"Version\":\"2012-10-17\",\"Statement\":[{\"Effect\":\"Allow\",\"Principal\":{\"Service\":\"eks.amazonaws.com\"},\"Action\":\"sts:AssumeRole\"}]}",
                            "create_date": "2018-08-02T06:18:04Z",
                            "description": "",
                            "force_detach_policies": "false",
                            "id": "demoEKS-master",
                            "max_session_duration": "3600",
                            "name": "demoEKS-master",
                            "path": "/",
                            "unique_id": "AROAJGV5X2PZBWO2G2DRS"
                        },
                        "meta": {},
                        "tainted": false
                    },
                    "deposed": [],
                    "provider": "provider.aws"
                },
                "aws_iam_role.demoEKS-node": {
                    "type": "aws_iam_role",
                    "depends_on": [],
                    "primary": {
                        "id": "demoEKS-node",
                        "attributes": {
                            "arn": "arn:aws:iam::<aws-account-id>:role/demoEKS-node",
                            "assume_role_policy": "{\"Version\":\"2012-10-17\",\"Statement\":[{\"Effect\":\"Allow\",\"Principal\":{\"Service\":\"ec2.amazonaws.com\"},\"Action\":\"sts:AssumeRole\"}]}",
                            "create_date": "2018-08-02T06:18:04Z",
                            "description": "",
                            "force_detach_policies": "false",
                            "id": "demoEKS-node",
                            "max_session_duration": "3600",
                            "name": "demoEKS-node",
                            "path": "/",
                            "unique_id": "AROAJSU3R5P6JU6JAUXGW"
                        },
                        "meta": {},
                        "tainted": false
                    },
                    "deposed": [],
                    "provider": "provider.aws"
                },
                "aws_iam_role_policy.AddedInlinePolicy": {
                    "type": "aws_iam_role_policy",
                    "depends_on": [
                        "aws_iam_role.demoEKS-node"
                    ],
                    "primary": {
                        "id": "demoEKS-node:AddedInlinePolicy",
                        "attributes": {
                            "id": "demoEKS-node:AddedInlinePolicy",
                            "name": "AddedInlinePolicy",
                            "policy": "{\n  \"Version\": \"2012-10-17\",\n  \"Statement\": [\n    {\n      \"Action\": [\n        \"tag:GetResources\",\n        \"acm:ListCertificates\",\n        \"iam:ListServerCertificates\",\n        \"waf-regional:GetWebACLForResource\"\n      ],\n      \"Effect\": \"Allow\",\n      \"Resource\": \"*\"\n    }\n  ]\n}\n",
                            "role": "demoEKS-node"
                        },
                        "meta": {},
                        "tainted": false
                    },
                    "deposed": [],
                    "provider": "provider.aws"
                },
                "aws_iam_role_policy_attachment.demoEC2ContainerRegistryReadOnly": {
                    "type": "aws_iam_role_policy_attachment",
                    "depends_on": [
                        "aws_iam_role.demoEKS-node"
                    ],
                    "primary": {
                        "id": "demoEKS-node-20180802061751292800000005",
                        "attributes": {
                            "id": "demoEKS-node-20180802061751292800000005",
                            "policy_arn": "arn:aws:iam::aws:policy/AmazonEC2ContainerRegistryReadOnly",
                            "role": "demoEKS-node"
                        },
                        "meta": {},
                        "tainted": false
                    },
                    "deposed": [],
                    "provider": "provider.aws"
                },
                "aws_iam_role_policy_attachment.demoEC2LoadBalancingELB": {
                    "type": "aws_iam_role_policy_attachment",
                    "depends_on": [
                        "aws_iam_role.demoEKS-node"
                    ],
                    "primary": {
                        "id": "demoEKS-node-20180803043354759300000001",
                        "attributes": {
                            "id": "demoEKS-node-20180803043354759300000001",
                            "policy_arn": "arn:aws:iam::aws:policy/AmazonEC2FullAccess",
                            "role": "demoEKS-node"
                        },
                        "meta": {},
                        "tainted": false
                    },
                    "deposed": [],
                    "provider": "provider.aws"
                },
                "aws_iam_role_policy_attachment.demoEKSClusterPolicy": {
                    "type": "aws_iam_role_policy_attachment",
                    "depends_on": [
                        "aws_iam_role.demoEKS-master"
                    ],
                    "primary": {
                        "id": "demoEKS-master-20180802061751226000000004",
                        "attributes": {
                            "id": "demoEKS-master-20180802061751226000000004",
                            "policy_arn": "arn:aws:iam::aws:policy/AmazonEKSClusterPolicy",
                            "role": "demoEKS-master"
                        },
                        "meta": {},
                        "tainted": false
                    },
                    "deposed": [],
                    "provider": "provider.aws"
                },
                "aws_iam_role_policy_attachment.demoEKSRoute53HostedZonePolicy": {
                    "type": "aws_iam_role_policy_attachment",
                    "depends_on": [
                        "aws_iam_role.demoEKS-node"
                    ],
                    "primary": {
                        "id": "demoEKS-node-20180803034641518600000001",
                        "attributes": {
                            "id": "demoEKS-node-20180803034641518600000001",
                            "policy_arn": "arn:aws:iam::aws:policy/AmazonRoute53FullAccess",
                            "role": "demoEKS-node"
                        },
                        "meta": {},
                        "tainted": false
                    },
                    "deposed": [],
                    "provider": "provider.aws"
                },
                "aws_iam_role_policy_attachment.demoEKSRoute53PolicyMaster": {
                    "type": "aws_iam_role_policy_attachment",
                    "depends_on": [
                        "aws_iam_role.demoEKS-master"
                    ],
                    "primary": {
                        "id": "demoEKS-master-20180802065256330500000001",
                        "attributes": {
                            "id": "demoEKS-master-20180802065256330500000001",
                            "policy_arn": "arn:aws:iam::aws:policy/AmazonRoute53DomainsFullAccess",
                            "role": "demoEKS-master"
                        },
                        "meta": {},
                        "tainted": false
                    },
                    "deposed": [],
                    "provider": "provider.aws"
                },
                "aws_iam_role_policy_attachment.demoEKSRoute53PolicyNode": {
                    "type": "aws_iam_role_policy_attachment",
                    "depends_on": [
                        "aws_iam_role.demoEKS-node"
                    ],
                    "primary": {
                        "id": "demoEKS-node-20180802065256332900000002",
                        "attributes": {
                            "id": "demoEKS-node-20180802065256332900000002",
                            "policy_arn": "arn:aws:iam::aws:policy/AmazonRoute53DomainsFullAccess",
                            "role": "demoEKS-node"
                        },
                        "meta": {},
                        "tainted": false
                    },
                    "deposed": [],
                    "provider": "provider.aws"
                },
                "aws_iam_role_policy_attachment.demoEKSServicePolicy": {
                    "type": "aws_iam_role_policy_attachment",
                    "depends_on": [
                        "aws_iam_role.demoEKS-master"
                    ],
                    "primary": {
                        "id": "demoEKS-master-20180802061751222300000003",
                        "attributes": {
                            "id": "demoEKS-master-20180802061751222300000003",
                            "policy_arn": "arn:aws:iam::aws:policy/AmazonEKSServicePolicy",
                            "role": "demoEKS-master"
                        },
                        "meta": {},
                        "tainted": false
                    },
                    "deposed": [],
                    "provider": "provider.aws"
                },
                "aws_iam_role_policy_attachment.demoEKSWorkerNodePolicy": {
                    "type": "aws_iam_role_policy_attachment",
                    "depends_on": [
                        "aws_iam_role.demoEKS-node"
                    ],
                    "primary": {
                        "id": "demoEKS-node-20180802061751220400000002",
                        "attributes": {
                            "id": "demoEKS-node-20180802061751220400000002",
                            "policy_arn": "arn:aws:iam::aws:policy/AmazonEKSWorkerNodePolicy",
                            "role": "demoEKS-node"
                        },
                        "meta": {},
                        "tainted": false
                    },
                    "deposed": [],
                    "provider": "provider.aws"
                },
                "aws_iam_role_policy_attachment.demoEKS_CNI_Policy": {
                    "type": "aws_iam_role_policy_attachment",
                    "depends_on": [
                        "aws_iam_role.demoEKS-node"
                    ],
                    "primary": {
                        "id": "demoEKS-node-20180802061751214600000001",
                        "attributes": {
                            "id": "demoEKS-node-20180802061751214600000001",
                            "policy_arn": "arn:aws:iam::aws:policy/AmazonEKS_CNI_Policy",
                            "role": "demoEKS-node"
                        },
                        "meta": {},
                        "tainted": false
                    },
                    "deposed": [],
                    "provider": "provider.aws"
                },
                "aws_internet_gateway.publicIG": {
                    "type": "aws_internet_gateway",
                    "depends_on": [
                        "aws_vpc.demoEKS"
                    ],
                    "primary": {
                        "id": "igw-4c9cbf2a",
                        "attributes": {
                            "id": "igw-4c9cbf2a",
                            "tags.%": "1",
                            "tags.Name": "demo EKS internet gateway",
                            "vpc_id": "vpc-f68a768e"
                        },
                        "meta": {},
                        "tainted": false
                    },
                    "deposed": [],
                    "provider": "provider.aws"
                },
                "aws_launch_configuration.demoEKS": {
                    "type": "aws_launch_configuration",
                    "depends_on": [],
                    "primary": {
                        "id": "demoEKS-node20180802084110099900000001",
                        "attributes": {
                            "associate_public_ip_address": "true",
                            "ebs_block_device.#": "0",
                            "ebs_optimized": "false",
                            "enable_monitoring": "true",
                            "ephemeral_block_device.#": "0",
                            "iam_instance_profile": "demoEKS-instance-profile",
                            "id": "demoEKS-node20180802084110099900000001",
                            "image_id": "ami-c9552fb1",
                            "instance_type": "m4.xlarge",
                            "key_name": "",
                            "name": "demoEKS-node20180802084110099900000001",
                            "name_prefix": "demoEKS-node",
                            "root_block_device.#": "0",
                            "security_groups.#": "1",
                            "security_groups.1358005756": "sg-b31e25c3",
                            "spot_price": "",
                            "user_data_base64": "IyEvYmluL2Jhc2ggLXhlCgpDQV9DRVJUSUZJQ0FURV9ESVJFQ1RPUlk9L2V0Yy9rdWJlcm5ldGVzL3BraQpDQV9DRVJUSUZJQ0FURV9GSUxFX1BBVEg9JENBX0NFUlRJRklDQVRFX0RJUkVDVE9SWS9jYS5jcnQKbWtkaXIgLXAgJENBX0NFUlRJRklDQVRFX0RJUkVDVE9SWQplY2hvICJMUzB0TFMxQ1JVZEpUaUJEUlZKVVNVWkpRMEZVUlMwdExTMHRDazFKU1VONVJFTkRRV0pEWjBGM1NVSkJaMGxDUVVSQlRrSm5hM0ZvYTJsSE9YY3dRa0ZSYzBaQlJFRldUVkpOZDBWUldVUldVVkZFUlhkd2NtUlhTbXdLWTIwMWJHUkhWbnBOUWpSWVJGUkZORTFFWjNkTmFrRXlUV3BaZDAxR2IxaEVWRWswVFVSamVrMUVRVEpOYWxsM1RVWnZkMFpVUlZSTlFrVkhRVEZWUlFwQmVFMUxZVE5XYVZwWVNuVmFXRkpzWTNwRFEwRlRTWGRFVVZsS1MyOWFTV2gyWTA1QlVVVkNRbEZCUkdkblJWQkJSRU5EUVZGdlEyZG5SVUpCVFhOcENuZFFkR0ZpYjFGa1JrZFNXWE4zZDJ0SFVFbEhORk41WjBKU1NWWkJNVzh3VG5oVFNXZzVSMHhsVkhCclJXbDBUMXB1ZUdKQmRUWnNPRXREV2psV2QzUUtZMGRQYUVSQ2JDOUJVMlF5Y2s1V016VnRVM1JHVUZKUWVVWlJiVTVSVkZZMmJGTnhPVnBLY201TGMybHBaVkJHVUhOVllrTk5WSGMzZUhOVVIzQTFOZ3B0VUUxRk1uQkxSVmxvVGxVNGFHbHJUQ3RXVVRaMVdqSlBiR042Y0V4NlZHdEpNV3hrVVhOS2FYZDFXVlUxZEdwamRWUkZZbGRMYldoclpHOVJNVWQ0Q25sU09FdG1ia2RXVUVSWWFXWjBOMVJhYzBZclJXRjRjV0pKY3pncmRFOUZNeTlyVmxGYU9UWlFhRGRXTmk5aVRYZG9heXRYZUN0cmNpOHpjVE51WjFRS05XVkliMEpqWTJWYWFTdDBNVk5hUTNNMVJYZERhbFlyUldWM1QydDZNRE5NYTJwTVIzcEtSR0phUjAxSEwzaDBjRzltTW5oUFJFTmhSRlZCT1RWT053cHRUUzgwWW5sSlZrbHlNWFJOT1dwM1lXUXdRMEYzUlVGQllVMXFUVU5GZDBSbldVUldVakJRUVZGSUwwSkJVVVJCWjB0clRVRTRSMEV4VldSRmQwVkNDaTkzVVVaTlFVMUNRV1k0ZDBSUldVcExiMXBKYUhaalRrRlJSVXhDVVVGRVoyZEZRa0ZNTm14eEswOTRXbEJJUVhSS2VYSXlOblZ2WTNobFdtWjVZMFlLUm01c1dVZHdZVmxRYzBwdFNsWjZNV1o1V201S1EyaE5WVmx3T0VFM09DOVFMM2d6V0ZKUlJtdHBVM0pVVlZJMldraDVWRFYxUWpGeE5ESjBhM0Z2VEFwVlRUUmtkbVJWWkZsVmFrbFFVall3YVRkelpEWkRhRmRCYzJ4amIwRkxObmRhVm5sRFQyVnZSMGs0ZW5Od01WaEZTRGh3VFRoeVZsUXlaWGR6WmpaekNuVXlNV3QzVldwcFNuUjVkRlJJV2tZMVNsSlhRbEp4YnpORlEwSklVMjlQUnpkUGNHUlpaRXBUWlVseVQwTlFhVUZ3YXl0WksySnVUR2RRY1dOMlRFSUtSbEFyYjFkelUzUlliV0p1UjNkSFZURkdUSGhVVGtKNWJVOVhPVXh2YzNCeldIVjRhbGw0UkhkUWRVSmpZemxOZEM5Mk1VY3hVbTVZU1hKdGVtY3JaUXBuTm0xNldtTmhiblZxVkRNMk56bG9hRXhHYkhkT2VVbFpTRWRWWlVFMVpqVlZSbXczUWsxR05XYzNOMUpHVjJsRk9FeDRXbTluUkdkRWJ6MEtMUzB0TFMxRlRrUWdRMFZTVkVsR1NVTkJWRVV0TFMwdExRbz0iIHwgYmFzZTY0IC1kID4gICRDQV9DRVJUSUZJQ0FURV9GSUxFX1BBVEgKSU5URVJOQUxfSVA9JChjdXJsIC1zIGh0dHA6Ly8xNjkuMjU0LjE2OS4yNTQvbGF0ZXN0L21ldGEtZGF0YS9sb2NhbC1pcHY0KQpzZWQgLWkgcyxNQVNURVJfRU5EUE9JTlQsaHR0cHM6Ly80QUZERTBFOTRDNDg4MEUzRDYyMEQ2QjE2MTEwNEY3Ri55bDQudXMtd2VzdC0yLmVrcy5hbWF6b25hd3MuY29tLGcgL3Zhci9saWIva3ViZWxldC9rdWJlY29uZmlnCnNlZCAtaSBzLENMVVNURVJfTkFNRSxzeW51cEVLUyxnIC92YXIvbGliL2t1YmVsZXQva3ViZWNvbmZpZwpzZWQgLWkgcyxSRUdJT04sdXMtd2VzdC0yLGcgL2V0Yy9zeXN0ZW1kL3N5c3RlbS9rdWJlbGV0LnNlcnZpY2UKc2VkIC1pIHMsTUFYX1BPRFMsMjAsZyAvZXRjL3N5c3RlbWQvc3lzdGVtL2t1YmVsZXQuc2VydmljZQpzZWQgLWkgcyxNQVNURVJfRU5EUE9JTlQsaHR0cHM6Ly80QUZERTBFOTRDNDg4MEUzRDYyMEQ2QjE2MTEwNEY3Ri55bDQudXMtd2VzdC0yLmVrcy5hbWF6b25hd3MuY29tLGcgL2V0Yy9zeXN0ZW1kL3N5c3RlbS9rdWJlbGV0LnNlcnZpY2UKc2VkIC1pIHMsSU5URVJOQUxfSVAsJElOVEVSTkFMX0lQLGcgL2V0Yy9zeXN0ZW1kL3N5c3RlbS9rdWJlbGV0LnNlcnZpY2UKRE5TX0NMVVNURVJfSVA9MTAuMTAwLjAuMTAKaWYgW1sgJElOVEVSTkFMX0lQID09IDEwLiogXV0gOyB0aGVuIEROU19DTFVTVEVSX0lQPTE3Mi4yMC4wLjEwOyBmaQpzZWQgLWkgcyxETlNfQ0xVU1RFUl9JUCwkRE5TX0NMVVNURVJfSVAsZyAvZXRjL3N5c3RlbWQvc3lzdGVtL2t1YmVsZXQuc2VydmljZQpzZWQgLWkgcyxDRVJUSUZJQ0FURV9BVVRIT1JJVFlfRklMRSwkQ0FfQ0VSVElGSUNBVEVfRklMRV9QQVRILGcgL3Zhci9saWIva3ViZWxldC9rdWJlY29uZmlnCnNlZCAtaSBzLENMSUVOVF9DQV9GSUxFLCRDQV9DRVJUSUZJQ0FURV9GSUxFX1BBVEgsZyAgL2V0Yy9zeXN0ZW1kL3N5c3RlbS9rdWJlbGV0LnNlcnZpY2UKc3lzdGVtY3RsIGRhZW1vbi1yZWxvYWQKc3lzdGVtY3RsIHJlc3RhcnQga3ViZWxldAo=",
                            "vpc_classic_link_id": "",
                            "vpc_classic_link_security_groups.#": "0"
                        },
                        "meta": {},
                        "tainted": false
                    },
                    "deposed": [],
                    "provider": "provider.aws"
                },
                "aws_launch_configuration.demoEKSmemoryOptimized": {
                    "type": "aws_launch_configuration",
                    "depends_on": [
                        "aws_iam_instance_profile.demoEKS-node",
                        "aws_security_group.private-node",
                        "data.aws_ami.eks-worker",
                        "local.demo-node-userdata"
                    ],
                    "primary": {
                        "id": "demoEKS-node-memory-optimized20180803043355052000000002",
                        "attributes": {
                            "associate_public_ip_address": "true",
                            "ebs_block_device.#": "0",
                            "ebs_optimized": "false",
                            "enable_monitoring": "true",
                            "ephemeral_block_device.#": "0",
                            "iam_instance_profile": "demoEKS-instance-profile",
                            "id": "demoEKS-node-memory-optimized20180803043355052000000002",
                            "image_id": "ami-c9552fb1",
                            "instance_type": "r4.large",
                            "key_name": "",
                            "name": "demoEKS-node-memory-optimized20180803043355052000000002",
                            "name_prefix": "demoEKS-node-memory-optimized",
                            "root_block_device.#": "0",
                            "security_groups.#": "1",
                            "security_groups.1358005756": "sg-b31e25c3",
                            "spot_price": "",
                            "user_data_base64": "IyEvYmluL2Jhc2ggLXhlCgpDQV9DRVJUSUZJQ0FURV9ESVJFQ1RPUlk9L2V0Yy9rdWJlcm5ldGVzL3BraQpDQV9DRVJUSUZJQ0FURV9GSUxFX1BBVEg9JENBX0NFUlRJRklDQVRFX0RJUkVDVE9SWS9jYS5jcnQKbWtkaXIgLXAgJENBX0NFUlRJRklDQVRFX0RJUkVDVE9SWQplY2hvICJMUzB0TFMxQ1JVZEpUaUJEUlZKVVNVWkpRMEZVUlMwdExTMHRDazFKU1VONVJFTkRRV0pEWjBGM1NVSkJaMGxDUVVSQlRrSm5hM0ZvYTJsSE9YY3dRa0ZSYzBaQlJFRldUVkpOZDBWUldVUldVVkZFUlhkd2NtUlhTbXdLWTIwMWJHUkhWbnBOUWpSWVJGUkZORTFFWjNkTmFrRXlUV3BaZDAxR2IxaEVWRWswVFVSamVrMUVRVEpOYWxsM1RVWnZkMFpVUlZSTlFrVkhRVEZWUlFwQmVFMUxZVE5XYVZwWVNuVmFXRkpzWTNwRFEwRlRTWGRFVVZsS1MyOWFTV2gyWTA1QlVVVkNRbEZCUkdkblJWQkJSRU5EUVZGdlEyZG5SVUpCVFhOcENuZFFkR0ZpYjFGa1JrZFNXWE4zZDJ0SFVFbEhORk41WjBKU1NWWkJNVzh3VG5oVFNXZzVSMHhsVkhCclJXbDBUMXB1ZUdKQmRUWnNPRXREV2psV2QzUUtZMGRQYUVSQ2JDOUJVMlF5Y2s1V016VnRVM1JHVUZKUWVVWlJiVTVSVkZZMmJGTnhPVnBLY201TGMybHBaVkJHVUhOVllrTk5WSGMzZUhOVVIzQTFOZ3B0VUUxRk1uQkxSVmxvVGxVNGFHbHJUQ3RXVVRaMVdqSlBiR042Y0V4NlZHdEpNV3hrVVhOS2FYZDFXVlUxZEdwamRWUkZZbGRMYldoclpHOVJNVWQ0Q25sU09FdG1ia2RXVUVSWWFXWjBOMVJhYzBZclJXRjRjV0pKY3pncmRFOUZNeTlyVmxGYU9UWlFhRGRXTmk5aVRYZG9heXRYZUN0cmNpOHpjVE51WjFRS05XVkliMEpqWTJWYWFTdDBNVk5hUTNNMVJYZERhbFlyUldWM1QydDZNRE5NYTJwTVIzcEtSR0phUjAxSEwzaDBjRzltTW5oUFJFTmhSRlZCT1RWT053cHRUUzgwWW5sSlZrbHlNWFJOT1dwM1lXUXdRMEYzUlVGQllVMXFUVU5GZDBSbldVUldVakJRUVZGSUwwSkJVVVJCWjB0clRVRTRSMEV4VldSRmQwVkNDaTkzVVVaTlFVMUNRV1k0ZDBSUldVcExiMXBKYUhaalRrRlJSVXhDVVVGRVoyZEZRa0ZNTm14eEswOTRXbEJJUVhSS2VYSXlOblZ2WTNobFdtWjVZMFlLUm01c1dVZHdZVmxRYzBwdFNsWjZNV1o1V201S1EyaE5WVmx3T0VFM09DOVFMM2d6V0ZKUlJtdHBVM0pVVlZJMldraDVWRFYxUWpGeE5ESjBhM0Z2VEFwVlRUUmtkbVJWWkZsVmFrbFFVall3YVRkelpEWkRhRmRCYzJ4amIwRkxObmRhVm5sRFQyVnZSMGs0ZW5Od01WaEZTRGh3VFRoeVZsUXlaWGR6WmpaekNuVXlNV3QzVldwcFNuUjVkRlJJV2tZMVNsSlhRbEp4YnpORlEwSklVMjlQUnpkUGNHUlpaRXBUWlVseVQwTlFhVUZ3YXl0WksySnVUR2RRY1dOMlRFSUtSbEFyYjFkelUzUlliV0p1UjNkSFZURkdUSGhVVGtKNWJVOVhPVXh2YzNCeldIVjRhbGw0UkhkUWRVSmpZemxOZEM5Mk1VY3hVbTVZU1hKdGVtY3JaUXBuTm0xNldtTmhiblZxVkRNMk56bG9hRXhHYkhkT2VVbFpTRWRWWlVFMVpqVlZSbXczUWsxR05XYzNOMUpHVjJsRk9FeDRXbTluUkdkRWJ6MEtMUzB0TFMxRlRrUWdRMFZTVkVsR1NVTkJWRVV0TFMwdExRbz0iIHwgYmFzZTY0IC1kID4gICRDQV9DRVJUSUZJQ0FURV9GSUxFX1BBVEgKSU5URVJOQUxfSVA9JChjdXJsIC1zIGh0dHA6Ly8xNjkuMjU0LjE2OS4yNTQvbGF0ZXN0L21ldGEtZGF0YS9sb2NhbC1pcHY0KQpzZWQgLWkgcyxNQVNURVJfRU5EUE9JTlQsaHR0cHM6Ly80QUZERTBFOTRDNDg4MEUzRDYyMEQ2QjE2MTEwNEY3Ri55bDQudXMtd2VzdC0yLmVrcy5hbWF6b25hd3MuY29tLGcgL3Zhci9saWIva3ViZWxldC9rdWJlY29uZmlnCnNlZCAtaSBzLENMVVNURVJfTkFNRSxzeW51cEVLUyxnIC92YXIvbGliL2t1YmVsZXQva3ViZWNvbmZpZwpzZWQgLWkgcyxSRUdJT04sdXMtd2VzdC0yLGcgL2V0Yy9zeXN0ZW1kL3N5c3RlbS9rdWJlbGV0LnNlcnZpY2UKc2VkIC1pIHMsTUFYX1BPRFMsMjAsZyAvZXRjL3N5c3RlbWQvc3lzdGVtL2t1YmVsZXQuc2VydmljZQpzZWQgLWkgcyxNQVNURVJfRU5EUE9JTlQsaHR0cHM6Ly80QUZERTBFOTRDNDg4MEUzRDYyMEQ2QjE2MTEwNEY3Ri55bDQudXMtd2VzdC0yLmVrcy5hbWF6b25hd3MuY29tLGcgL2V0Yy9zeXN0ZW1kL3N5c3RlbS9rdWJlbGV0LnNlcnZpY2UKc2VkIC1pIHMsSU5URVJOQUxfSVAsJElOVEVSTkFMX0lQLGcgL2V0Yy9zeXN0ZW1kL3N5c3RlbS9rdWJlbGV0LnNlcnZpY2UKRE5TX0NMVVNURVJfSVA9MTAuMTAwLjAuMTAKaWYgW1sgJElOVEVSTkFMX0lQID09IDEwLiogXV0gOyB0aGVuIEROU19DTFVTVEVSX0lQPTE3Mi4yMC4wLjEwOyBmaQpzZWQgLWkgcyxETlNfQ0xVU1RFUl9JUCwkRE5TX0NMVVNURVJfSVAsZyAvZXRjL3N5c3RlbWQvc3lzdGVtL2t1YmVsZXQuc2VydmljZQpzZWQgLWkgcyxDRVJUSUZJQ0FURV9BVVRIT1JJVFlfRklMRSwkQ0FfQ0VSVElGSUNBVEVfRklMRV9QQVRILGcgL3Zhci9saWIva3ViZWxldC9rdWJlY29uZmlnCnNlZCAtaSBzLENMSUVOVF9DQV9GSUxFLCRDQV9DRVJUSUZJQ0FURV9GSUxFX1BBVEgsZyAgL2V0Yy9zeXN0ZW1kL3N5c3RlbS9rdWJlbGV0LnNlcnZpY2UKc3lzdGVtY3RsIGRhZW1vbi1yZWxvYWQKc3lzdGVtY3RsIHJlc3RhcnQga3ViZWxldAo=",
                            "vpc_classic_link_id": "",
                            "vpc_classic_link_security_groups.#": "0"
                        },
                        "meta": {},
                        "tainted": false
                    },
                    "deposed": [],
                    "provider": "provider.aws"
                },
                "aws_nat_gateway.privateNG1": {
                    "type": "aws_nat_gateway",
                    "depends_on": [
                        "aws_eip.privateEIP1",
                        "aws_subnet.public-subnet-1"
                    ],
                    "primary": {
                        "id": "nat-03acdbea7574c37db",
                        "attributes": {
                            "allocation_id": "eipalloc-4affc876",
                            "id": "nat-03acdbea7574c37db",
                            "network_interface_id": "eni-d583ccee",
                            "private_ip": "172.19.1.30",
                            "public_ip": "52.40.204.41",
                            "subnet_id": "subnet-19276c60",
                            "tags.%": "1",
                            "tags.Name": "demo EKS NAT gateway for private subnet 1"
                        },
                        "meta": {},
                        "tainted": false
                    },
                    "deposed": [],
                    "provider": "provider.aws"
                },
                "aws_nat_gateway.privateNG2": {
                    "type": "aws_nat_gateway",
                    "depends_on": [
                        "aws_eip.privateEIP2",
                        "aws_subnet.public-subnet-2"
                    ],
                    "primary": {
                        "id": "nat-0f94ce6ec92437f40",
                        "attributes": {
                            "allocation_id": "eipalloc-e5f1c6d9",
                            "id": "nat-0f94ce6ec92437f40",
                            "network_interface_id": "eni-8471478f",
                            "private_ip": "172.19.1.76",
                            "public_ip": "52.37.152.191",
                            "subnet_id": "subnet-ae85f0e5",
                            "tags.%": "1",
                            "tags.Name": "demo EKS NAT gateway for private subnet 2"
                        },
                        "meta": {},
                        "tainted": false
                    },
                    "deposed": [],
                    "provider": "provider.aws"
                },
                "aws_nat_gateway.privateNG3": {
                    "type": "aws_nat_gateway",
                    "depends_on": [
                        "aws_eip.privateEIP3",
                        "aws_subnet.public-subnet-1"
                    ],
                    "primary": {
                        "id": "nat-01a3cac2e7b892fe8",
                        "attributes": {
                            "allocation_id": "eipalloc-49f3c475",
                            "id": "nat-01a3cac2e7b892fe8",
                            "network_interface_id": "eni-b481ce8f",
                            "private_ip": "172.19.1.24",
                            "public_ip": "52.35.195.134",
                            "subnet_id": "subnet-19276c60",
                            "tags.%": "1",
                            "tags.Name": "demo EKS NAT gateway for private subnet 3"
                        },
                        "meta": {},
                        "tainted": false
                    },
                    "deposed": [],
                    "provider": "provider.aws"
                },
                "aws_route_table.privateRT1": {
                    "type": "aws_route_table",
                    "depends_on": [
                        "aws_nat_gateway.privateNG1",
                        "aws_vpc.demoEKS",
                        "aws_vpc_peering_connection.demoEKS"
                    ],
                    "primary": {
                        "id": "rtb-660cd01d",
                        "attributes": {
                            "id": "rtb-660cd01d",
                            "propagating_vgws.#": "0",
                            "route.#": "2",
                            "route.201204296.cidr_block": "172.30.0.0/16",
                            "route.201204296.egress_only_gateway_id": "",
                            "route.201204296.gateway_id": "",
                            "route.201204296.instance_id": "",
                            "route.201204296.ipv6_cidr_block": "",
                            "route.201204296.nat_gateway_id": "",
                            "route.201204296.network_interface_id": "",
                            "route.201204296.vpc_peering_connection_id": "pcx-1f13da77",
                            "route.213768038.cidr_block": "0.0.0.0/0",
                            "route.213768038.egress_only_gateway_id": "",
                            "route.213768038.gateway_id": "",
                            "route.213768038.instance_id": "",
                            "route.213768038.ipv6_cidr_block": "",
                            "route.213768038.nat_gateway_id": "nat-03acdbea7574c37db",
                            "route.213768038.network_interface_id": "",
                            "route.213768038.vpc_peering_connection_id": "",
                            "tags.%": "0",
                            "vpc_id": "vpc-f68a768e"
                        },
                        "meta": {},
                        "tainted": false
                    },
                    "deposed": [],
                    "provider": "provider.aws"
                },
                "aws_route_table.privateRT2": {
                    "type": "aws_route_table",
                    "depends_on": [
                        "aws_nat_gateway.privateNG2",
                        "aws_vpc.demoEKS",
                        "aws_vpc_peering_connection.demoEKS"
                    ],
                    "primary": {
                        "id": "rtb-1f1bc764",
                        "attributes": {
                            "id": "rtb-1f1bc764",
                            "propagating_vgws.#": "0",
                            "route.#": "2",
                            "route.201204296.cidr_block": "172.30.0.0/16",
                            "route.201204296.egress_only_gateway_id": "",
                            "route.201204296.gateway_id": "",
                            "route.201204296.instance_id": "",
                            "route.201204296.ipv6_cidr_block": "",
                            "route.201204296.nat_gateway_id": "",
                            "route.201204296.network_interface_id": "",
                            "route.201204296.vpc_peering_connection_id": "pcx-1f13da77",
                            "route.2488189026.cidr_block": "0.0.0.0/0",
                            "route.2488189026.egress_only_gateway_id": "",
                            "route.2488189026.gateway_id": "",
                            "route.2488189026.instance_id": "",
                            "route.2488189026.ipv6_cidr_block": "",
                            "route.2488189026.nat_gateway_id": "nat-0f94ce6ec92437f40",
                            "route.2488189026.network_interface_id": "",
                            "route.2488189026.vpc_peering_connection_id": "",
                            "tags.%": "0",
                            "vpc_id": "vpc-f68a768e"
                        },
                        "meta": {},
                        "tainted": false
                    },
                    "deposed": [],
                    "provider": "provider.aws"
                },
                "aws_route_table.privateRT3": {
                    "type": "aws_route_table",
                    "depends_on": [
                        "aws_nat_gateway.privateNG3",
                        "aws_vpc.demoEKS",
                        "aws_vpc_peering_connection.demoEKS"
                    ],
                    "primary": {
                        "id": "rtb-ce1fc3b5",
                        "attributes": {
                            "id": "rtb-ce1fc3b5",
                            "propagating_vgws.#": "0",
                            "route.#": "2",
                            "route.201204296.cidr_block": "172.30.0.0/16",
                            "route.201204296.egress_only_gateway_id": "",
                            "route.201204296.gateway_id": "",
                            "route.201204296.instance_id": "",
                            "route.201204296.ipv6_cidr_block": "",
                            "route.201204296.nat_gateway_id": "",
                            "route.201204296.network_interface_id": "",
                            "route.201204296.vpc_peering_connection_id": "pcx-1f13da77",
                            "route.2679018959.cidr_block": "0.0.0.0/0",
                            "route.2679018959.egress_only_gateway_id": "",
                            "route.2679018959.gateway_id": "",
                            "route.2679018959.instance_id": "",
                            "route.2679018959.ipv6_cidr_block": "",
                            "route.2679018959.nat_gateway_id": "nat-01a3cac2e7b892fe8",
                            "route.2679018959.network_interface_id": "",
                            "route.2679018959.vpc_peering_connection_id": "",
                            "tags.%": "0",
                            "vpc_id": "vpc-f68a768e"
                        },
                        "meta": {},
                        "tainted": false
                    },
                    "deposed": [],
                    "provider": "provider.aws"
                },
                "aws_route_table.publicRT": {
                    "type": "aws_route_table",
                    "depends_on": [
                        "aws_internet_gateway.publicIG",
                        "aws_vpc.demoEKS",
                        "aws_vpc_peering_connection.demoEKS"
                    ],
                    "primary": {
                        "id": "rtb-0011cd7b",
                        "attributes": {
                            "id": "rtb-0011cd7b",
                            "propagating_vgws.#": "0",
                            "route.#": "2",
                            "route.201204296.cidr_block": "172.30.0.0/16",
                            "route.201204296.egress_only_gateway_id": "",
                            "route.201204296.gateway_id": "",
                            "route.201204296.instance_id": "",
                            "route.201204296.ipv6_cidr_block": "",
                            "route.201204296.nat_gateway_id": "",
                            "route.201204296.network_interface_id": "",
                            "route.201204296.vpc_peering_connection_id": "pcx-1f13da77",
                            "route.3416693355.cidr_block": "0.0.0.0/0",
                            "route.3416693355.egress_only_gateway_id": "",
                            "route.3416693355.gateway_id": "igw-4c9cbf2a",
                            "route.3416693355.instance_id": "",
                            "route.3416693355.ipv6_cidr_block": "",
                            "route.3416693355.nat_gateway_id": "",
                            "route.3416693355.network_interface_id": "",
                            "route.3416693355.vpc_peering_connection_id": "",
                            "tags.%": "0",
                            "vpc_id": "vpc-f68a768e"
                        },
                        "meta": {},
                        "tainted": false
                    },
                    "deposed": [],
                    "provider": "provider.aws"
                },
                "aws_route_table_association.privateRTA1": {
                    "type": "aws_route_table_association",
                    "depends_on": [
                        "aws_route_table.privateRT1",
                        "aws_subnet.private-subnet-1"
                    ],
                    "primary": {
                        "id": "rtbassoc-d2299faf",
                        "attributes": {
                            "id": "rtbassoc-d2299faf",
                            "route_table_id": "rtb-660cd01d",
                            "subnet_id": "subnet-b2357dcb"
                        },
                        "meta": {},
                        "tainted": false
                    },
                    "deposed": [],
                    "provider": "provider.aws"
                },
                "aws_route_table_association.privateRTA2": {
                    "type": "aws_route_table_association",
                    "depends_on": [
                        "aws_route_table.privateRT2",
                        "aws_subnet.private-subnet-2"
                    ],
                    "primary": {
                        "id": "rtbassoc-c510a6b8",
                        "attributes": {
                            "id": "rtbassoc-c510a6b8",
                            "route_table_id": "rtb-1f1bc764",
                            "subnet_id": "subnet-0ae18b41"
                        },
                        "meta": {},
                        "tainted": false
                    },
                    "deposed": [],
                    "provider": "provider.aws"
                },
                "aws_route_table_association.privateRTA3": {
                    "type": "aws_route_table_association",
                    "depends_on": [
                        "aws_route_table.privateRT3",
                        "aws_subnet.private-subnet-3"
                    ],
                    "primary": {
                        "id": "rtbassoc-2317a15e",
                        "attributes": {
                            "id": "rtbassoc-2317a15e",
                            "route_table_id": "rtb-ce1fc3b5",
                            "subnet_id": "subnet-691d4733"
                        },
                        "meta": {},
                        "tainted": false
                    },
                    "deposed": [],
                    "provider": "provider.aws"
                },
                "aws_route_table_association.publicRTA": {
                    "type": "aws_route_table_association",
                    "depends_on": [
                        "aws_route_table.publicRT",
                        "aws_subnet.public-subnet-1"
                    ],
                    "primary": {
                        "id": "rtbassoc-2701b15a",
                        "attributes": {
                            "id": "rtbassoc-2701b15a",
                            "route_table_id": "rtb-0011cd7b",
                            "subnet_id": "subnet-19276c60"
                        },
                        "meta": {},
                        "tainted": false
                    },
                    "deposed": [],
                    "provider": "provider.aws"
                },
                "aws_security_group.KubernetesELB": {
                    "type": "aws_security_group",
                    "depends_on": [
                        "aws_vpc.demoEKS"
                    ],
                    "primary": {
                        "id": "sg-a3ddded3",
                        "attributes": {
                            "arn": "arn:aws:ec2:us-west-2:<aws-account-id>:security-group/sg-a3ddded3",
                            "description": "Allow all inbound traffic",
                            "egress.#": "1",
                            "egress.482069346.cidr_blocks.#": "1",
                            "egress.482069346.cidr_blocks.0": "0.0.0.0/0",
                            "egress.482069346.description": "",
                            "egress.482069346.from_port": "0",
                            "egress.482069346.ipv6_cidr_blocks.#": "0",
                            "egress.482069346.prefix_list_ids.#": "0",
                            "egress.482069346.protocol": "-1",
                            "egress.482069346.security_groups.#": "0",
                            "egress.482069346.self": "false",
                            "egress.482069346.to_port": "0",
                            "id": "sg-a3ddded3",
                            "ingress.#": "1",
                            "ingress.2214680975.cidr_blocks.#": "1",
                            "ingress.2214680975.cidr_blocks.0": "0.0.0.0/0",
                            "ingress.2214680975.description": "",
                            "ingress.2214680975.from_port": "80",
                            "ingress.2214680975.ipv6_cidr_blocks.#": "0",
                            "ingress.2214680975.protocol": "tcp",
                            "ingress.2214680975.security_groups.#": "0",
                            "ingress.2214680975.self": "false",
                            "ingress.2214680975.to_port": "80",
                            "name": "KubernetesELB",
                            "owner_id": "<aws-account-id>",
                            "revoke_rules_on_delete": "false",
                            "tags.%": "0",
                            "vpc_id": "vpc-f68a768e"
                        },
                        "meta": {
                            "e2bfb730-ecaa-11e6-8f88-34363bc7c4c0": {
                                "create": 600000000000,
                                "delete": 600000000000
                            },
                            "schema_version": "1"
                        },
                        "tainted": false
                    },
                    "deposed": [],
                    "provider": "provider.aws"
                },
                "aws_security_group.private-node": {
                    "type": "aws_security_group",
                    "depends_on": [
                        "aws_vpc.demoEKS"
                    ],
                    "primary": {
                        "id": "sg-b31e25c3",
                        "attributes": {
                            "arn": "arn:aws:ec2:us-west-2:<aws-account-id>:security-group/sg-b31e25c3",
                            "description": "Allow all inbound traffic",
                            "egress.#": "1",
                            "egress.482069346.cidr_blocks.#": "1",
                            "egress.482069346.cidr_blocks.0": "0.0.0.0/0",
                            "egress.482069346.description": "",
                            "egress.482069346.from_port": "0",
                            "egress.482069346.ipv6_cidr_blocks.#": "0",
                            "egress.482069346.prefix_list_ids.#": "0",
                            "egress.482069346.protocol": "-1",
                            "egress.482069346.security_groups.#": "0",
                            "egress.482069346.self": "false",
                            "egress.482069346.to_port": "0",
                            "id": "sg-b31e25c3",
                            "ingress.#": "1",
                            "ingress.719918133.cidr_blocks.#": "8",
                            "ingress.719918133.cidr_blocks.0": "192.168.12.0/24",
                            "ingress.719918133.cidr_blocks.1": "49.249.242.150/32",
                            "ingress.719918133.cidr_blocks.2": "192.168.255.0/24",
                            "ingress.719918133.cidr_blocks.3": "50.112.158.208/32",
                            "ingress.719918133.cidr_blocks.4": "172.19.0.0/16",
                            "ingress.719918133.cidr_blocks.5": "163.172.102.25/32",
                            "ingress.719918133.cidr_blocks.6": "88.99.192.215/32",
                            "ingress.719918133.cidr_blocks.7": "172.30.0.0/16",
                            "ingress.719918133.description": "",
                            "ingress.719918133.from_port": "0",
                            "ingress.719918133.ipv6_cidr_blocks.#": "0",
                            "ingress.719918133.protocol": "-1",
                            "ingress.719918133.security_groups.#": "0",
                            "ingress.719918133.self": "false",
                            "ingress.719918133.to_port": "0",
                            "name": "private-node",
                            "owner_id": "<aws-account-id>",
                            "revoke_rules_on_delete": "false",
                            "tags.%": "0",
                            "vpc_id": "vpc-f68a768e"
                        },
                        "meta": {
                            "e2bfb730-ecaa-11e6-8f88-34363bc7c4c0": {
                                "create": 600000000000,
                                "delete": 600000000000
                            },
                            "schema_version": "1"
                        },
                        "tainted": false
                    },
                    "deposed": [],
                    "provider": "provider.aws"
                },
                "aws_subnet.private-subnet-1": {
                    "type": "aws_subnet",
                    "depends_on": [
                        "aws_vpc.demoEKS"
                    ],
                    "primary": {
                        "id": "subnet-b2357dcb",
                        "attributes": {
                            "assign_ipv6_address_on_creation": "false",
                            "availability_zone": "us-west-2a",
                            "cidr_block": "172.19.2.0/23",
                            "id": "subnet-b2357dcb",
                            "map_public_ip_on_launch": "false",
                            "tags.%": "2",
                            "tags.Name": "demo-kubernetes-private-1",
                            "tags.kubernetes.io/cluster/demoEKS": "shared",
                            "vpc_id": "vpc-f68a768e"
                        },
                        "meta": {
                            "schema_version": "1"
                        },
                        "tainted": false
                    },
                    "deposed": [],
                    "provider": "provider.aws"
                },
                "aws_subnet.private-subnet-2": {
                    "type": "aws_subnet",
                    "depends_on": [
                        "aws_vpc.demoEKS"
                    ],
                    "primary": {
                        "id": "subnet-0ae18b41",
                        "attributes": {
                            "assign_ipv6_address_on_creation": "false",
                            "availability_zone": "us-west-2b",
                            "cidr_block": "172.19.4.0/23",
                            "id": "subnet-0ae18b41",
                            "map_public_ip_on_launch": "false",
                            "tags.%": "2",
                            "tags.Name": "demo-kubernetes-private-2",
                            "tags.kubernetes.io/cluster/demoEKS": "shared",
                            "vpc_id": "vpc-f68a768e"
                        },
                        "meta": {
                            "schema_version": "1"
                        },
                        "tainted": false
                    },
                    "deposed": [],
                    "provider": "provider.aws"
                },
                "aws_subnet.private-subnet-3": {
                    "type": "aws_subnet",
                    "depends_on": [
                        "aws_vpc.demoEKS"
                    ],
                    "primary": {
                        "id": "subnet-691d4733",
                        "attributes": {
                            "assign_ipv6_address_on_creation": "false",
                            "availability_zone": "us-west-2c",
                            "cidr_block": "172.19.6.0/23",
                            "id": "subnet-691d4733",
                            "map_public_ip_on_launch": "false",
                            "tags.%": "2",
                            "tags.Name": "demo-kubernetes-private-3",
                            "tags.kubernetes.io/cluster/demoEKS": "shared",
                            "vpc_id": "vpc-f68a768e"
                        },
                        "meta": {
                            "schema_version": "1"
                        },
                        "tainted": false
                    },
                    "deposed": [],
                    "provider": "provider.aws"
                },
                "aws_subnet.public-subnet-1": {
                    "type": "aws_subnet",
                    "depends_on": [
                        "aws_vpc.demoEKS"
                    ],
                    "primary": {
                        "id": "subnet-19276c60",
                        "attributes": {
                            "assign_ipv6_address_on_creation": "false",
                            "availability_zone": "us-west-2a",
                            "cidr_block": "172.19.1.0/27",
                            "id": "subnet-19276c60",
                            "map_public_ip_on_launch": "false",
                            "tags.%": "2",
                            "tags.Name": "demo-kubernetes-public-1",
                            "tags.kubernetes.io/cluster/demoEKS": "shared",
                            "vpc_id": "vpc-f68a768e"
                        },
                        "meta": {
                            "schema_version": "1"
                        },
                        "tainted": false
                    },
                    "deposed": [],
                    "provider": "provider.aws"
                },
                "aws_subnet.public-subnet-2": {
                    "type": "aws_subnet",
                    "depends_on": [
                        "aws_vpc.demoEKS"
                    ],
                    "primary": {
                        "id": "subnet-ae85f0e5",
                        "attributes": {
                            "assign_ipv6_address_on_creation": "false",
                            "availability_zone": "us-west-2b",
                            "cidr_block": "172.19.1.64/27",
                            "id": "subnet-ae85f0e5",
                            "map_public_ip_on_launch": "false",
                            "tags.%": "2",
                            "tags.Name": "demo-kubernetes-public-2",
                            "tags.kubernetes.io/cluster/demoEKS": "shared",
                            "vpc_id": "vpc-f68a768e"
                        },
                        "meta": {
                            "schema_version": "1"
                        },
                        "tainted": false
                    },
                    "deposed": [],
                    "provider": "provider.aws"
                },
                "aws_vpc.demoEKS": {
                    "type": "aws_vpc",
                    "depends_on": [],
                    "primary": {
                        "id": "vpc-f68a768e",
                        "attributes": {
                            "arn": "arn:aws:ec2:us-west-2:<aws-account-id>:vpc/vpc-f68a768e",
                            "assign_generated_ipv6_cidr_block": "false",
                            "cidr_block": "172.19.0.0/16",
                            "default_network_acl_id": "acl-60277318",
                            "default_route_table_id": "rtb-ed19c596",
                            "default_security_group_id": "sg-701f2400",
                            "dhcp_options_id": "dopt-76ec5610",
                            "enable_classiclink": "false",
                            "enable_classiclink_dns_support": "false",
                            "enable_dns_hostnames": "true",
                            "enable_dns_support": "true",
                            "id": "vpc-f68a768e",
                            "instance_tenancy": "default",
                            "main_route_table_id": "rtb-ed19c596",
                            "tags.%": "2",
                            "tags.Name": "demoEKS",
                            "tags.kubernetes.io/cluster/demoEKS": "shared"
                        },
                        "meta": {
                            "schema_version": "1"
                        },
                        "tainted": false
                    },
                    "deposed": [],
                    "provider": "provider.aws"
                },
                "aws_vpc_peering_connection.demoEKS": {
                    "type": "aws_vpc_peering_connection",
                    "depends_on": [
                        "aws_vpc.demoEKS"
                    ],
                    "primary": {
                        "id": "pcx-1f13da77",
                        "attributes": {
                            "accept_status": "active",
                            "accepter.#": "1",
                            "accepter.1102046665.allow_classic_link_to_remote_vpc": "false",
                            "accepter.1102046665.allow_remote_vpc_dns_resolution": "true",
                            "accepter.1102046665.allow_vpc_to_remote_classic_link": "false",
                            "auto_accept": "true",
                            "id": "pcx-1f13da77",
                            "peer_owner_id": "<aws-account-id>",
                            "peer_region": "us-west-2",
                            "peer_vpc_id": "vpc-9b0a75fd",
                            "requester.#": "1",
                            "requester.1102046665.allow_classic_link_to_remote_vpc": "false",
                            "requester.1102046665.allow_remote_vpc_dns_resolution": "true",
                            "requester.1102046665.allow_vpc_to_remote_classic_link": "false",
                            "tags.%": "1",
                            "tags.Name": "demoEKS-TO-demo-Infra",
                            "vpc_id": "vpc-f68a768e"
                        },
                        "meta": {
                            "e2bfb730-ecaa-11e6-8f88-34363bc7c4c0": {
                                "create": 60000000000,
                                "delete": 60000000000,
                                "update": 60000000000
                            }
                        },
                        "tainted": false
                    },
                    "deposed": [],
                    "provider": "provider.aws"
                },
                "data.aws_ami.eks-worker": {
                    "type": "aws_ami",
                    "depends_on": [],
                    "primary": {
                        "id": "ami-c9552fb1",
                        "attributes": {
                            "architecture": "x86_64",
                            "block_device_mappings.#": "1",
                            "block_device_mappings.3798922657.device_name": "/dev/xvda",
                            "block_device_mappings.3798922657.ebs.%": "6",
                            "block_device_mappings.3798922657.ebs.delete_on_termination": "true",
                            "block_device_mappings.3798922657.ebs.encrypted": "false",
                            "block_device_mappings.3798922657.ebs.iops": "0",
                            "block_device_mappings.3798922657.ebs.snapshot_id": "snap-01566f6a570600bef",
                            "block_device_mappings.3798922657.ebs.volume_size": "20",
                            "block_device_mappings.3798922657.ebs.volume_type": "gp2",
                            "block_device_mappings.3798922657.no_device": "",
                            "block_device_mappings.3798922657.virtual_name": "",
                            "creation_date": "2018-05-30T23:17:37.000Z",
                            "description": "Kubernetes Worker AMI with AmazonLinux2 image",
                            "filter.#": "1",
                            "filter.2654136186.name": "name",
                            "filter.2654136186.values.#": "1",
                            "filter.2654136186.values.0": "eks-worker-v18",
                            "hypervisor": "xen",
                            "id": "ami-c9552fb1",
                            "image_id": "ami-c9552fb1",
                            "image_location": "602401143452/eks-worker-v18",
                            "image_type": "machine",
                            "most_recent": "true",
                            "name": "eks-worker-v18",
                            "owner_id": "602401143452",
                            "owners.#": "1",
                            "owners.0": "602401143452",
                            "product_codes.#": "0",
                            "public": "true",
                            "root_device_name": "/dev/xvda",
                            "root_device_type": "ebs",
                            "root_snapshot_id": "snap-01566f6a570600bef",
                            "sriov_net_support": "simple",
                            "state": "available",
                            "state_reason.%": "2",
                            "state_reason.code": "UNSET",
                            "state_reason.message": "UNSET",
                            "tags.%": "0",
                            "virtualization_type": "hvm"
                        },
                        "meta": {},
                        "tainted": false
                    },
                    "deposed": [],
                    "provider": "provider.aws"
                },
                "data.aws_region.current": {
                    "type": "aws_region",
                    "depends_on": [],
                    "primary": {
                        "id": "us-west-2",
                        "attributes": {
                            "current": "true",
                            "description": "US West (Oregon)",
                            "endpoint": "ec2.us-west-2.amazonaws.com",
                            "id": "us-west-2",
                            "name": "us-west-2"
                        },
                        "meta": {},
                        "tainted": false
                    },
                    "deposed": [],
                    "provider": "provider.aws"
                }
            },
            "depends_on": []
        }
    ]
}
